{
  "name": "proto-v2",
  "lockfileVersion": 3,
  "requires": true,
  "packages": {
    "": {
      "dependencies": {
        "@sentry/vue": "^8.39.0"
      }
    },
    "node_modules/@sentry-internal/browser-utils": {
      "version": "8.39.0",
      "resolved": "https://registry.npmjs.org/@sentry-internal/browser-utils/-/browser-utils-8.39.0.tgz",
      "integrity": "sha512-5jcO3os1aQIMNZptniMUCCkZ3KOvyUPSyrQeGB7NxhJoieIwmopo5qIXyeRLHu0htL7H7A1gPYln6Ji3d/KUUA==",
      "license": "MIT",
      "dependencies": {
        "@sentry/core": "8.39.0",
        "@sentry/types": "8.39.0",
        "@sentry/utils": "8.39.0"
      },
      "engines": {
        "node": ">=14.18"
      }
    },
    "node_modules/@sentry-internal/feedback": {
      "version": "8.39.0",
      "resolved": "https://registry.npmjs.org/@sentry-internal/feedback/-/feedback-8.39.0.tgz",
      "integrity": "sha512-V5J/tnzAK8bXdXQzY7lnlYMqfTKgI+9BD7L7oHxQnDUzlShsV14xFGZVhEbPsjYficdIN9wpoYIyWDxwrFX1Qg==",
      "license": "MIT",
      "dependencies": {
        "@sentry/core": "8.39.0",
        "@sentry/types": "8.39.0",
        "@sentry/utils": "8.39.0"
      },
      "engines": {
        "node": ">=14.18"
      }
    },
    "node_modules/@sentry-internal/replay": {
      "version": "8.39.0",
      "resolved": "https://registry.npmjs.org/@sentry-internal/replay/-/replay-8.39.0.tgz",
      "integrity": "sha512-1IEXhg2XuKC1hx/Pf5p2L7McKjQPfVOWyQhjNUH2mHWbpOyvc1BhZoZKCgbbspwOAVuvj4n40PvOVyjfzU5Yew==",
      "license": "MIT",
      "dependencies": {
        "@sentry-internal/browser-utils": "8.39.0",
        "@sentry/core": "8.39.0",
        "@sentry/types": "8.39.0",
        "@sentry/utils": "8.39.0"
      },
      "engines": {
        "node": ">=14.18"
      }
    },
    "node_modules/@sentry-internal/replay-canvas": {
      "version": "8.39.0",
      "resolved": "https://registry.npmjs.org/@sentry-internal/replay-canvas/-/replay-canvas-8.39.0.tgz",
      "integrity": "sha512-NCp4E60SFfg9pXdMgcdpctYENFOvJ58UPGllGjO3xpYoMkd4DGZQp947Tgw9hATTCDnyYNIy5v/zYbDV4Wbw3w==",
      "license": "MIT",
      "dependencies": {
        "@sentry-internal/replay": "8.39.0",
        "@sentry/core": "8.39.0",
        "@sentry/types": "8.39.0",
        "@sentry/utils": "8.39.0"
      },
      "engines": {
        "node": ">=14.18"
      }
    },
    "node_modules/@sentry/browser": {
      "version": "8.39.0",
      "resolved": "https://registry.npmjs.org/@sentry/browser/-/browser-8.39.0.tgz",
      "integrity": "sha512-Xpqh84MnqoFID0owbugTeq/3QXgNwc3EdHAN/HFUdxEAyJS4j7Wi1DIBXN+ZRzMYX3m2QHOAymCWjnFtv+H8WQ==",
      "license": "MIT",
      "dependencies": {
        "@sentry-internal/browser-utils": "8.39.0",
        "@sentry-internal/feedback": "8.39.0",
        "@sentry-internal/replay": "8.39.0",
        "@sentry-internal/replay-canvas": "8.39.0",
        "@sentry/core": "8.39.0",
        "@sentry/types": "8.39.0",
        "@sentry/utils": "8.39.0"
      },
      "engines": {
        "node": ">=14.18"
      }
    },
    "node_modules/@sentry/core": {
      "version": "8.39.0",
      "resolved": "https://registry.npmjs.org/@sentry/core/-/core-8.39.0.tgz",
      "integrity": "sha512-rg2mHtwdCaedqub7bd+ht08vZgtwPO7el5m5sPNeb7V75GcQwSziu6G02vGxCBCsAHpoFn1A+0JLEajaYzZI7w==",
      "license": "MIT",
      "dependencies": {
        "@sentry/types": "8.39.0",
        "@sentry/utils": "8.39.0"
      },
      "engines": {
        "node": ">=14.18"
      }
    },
    "node_modules/@sentry/types": {
      "version": "8.39.0",
      "resolved": "https://registry.npmjs.org/@sentry/types/-/types-8.39.0.tgz",
      "integrity": "sha512-/n1bGkbJcSLZQpzd1Oksi8LFAMbcO8j/d+N8mcXS74GuhGgkxQiEwHF2CKTz6SHt8J4hrlyzqIwVzCevUOxZ2Q==",
      "license": "MIT",
      "engines": {
        "node": ">=14.18"
      }
    },
    "node_modules/@sentry/utils": {
      "version": "8.39.0",
      "resolved": "https://registry.npmjs.org/@sentry/utils/-/utils-8.39.0.tgz",
      "integrity": "sha512-pIBnr/cROds92CcYWBW3z1zFH4uJkMPL2AxEv/ZcLg/NTb1Okz/ZaDP+NMzUfzriYvFBOFk0wPk0h5sYx6Umqw==",
      "license": "MIT",
      "dependencies": {
        "@sentry/types": "8.39.0"
      },
      "engines": {
        "node": ">=14.18"
      }
    },
    "node_modules/@sentry/vue": {
      "version": "8.39.0",
      "resolved": "https://registry.npmjs.org/@sentry/vue/-/vue-8.39.0.tgz",
      "integrity": "sha512-JiYfmf3AUyVhcWKchxkwqNws2iyEs+IPgT8Qp7jFNjWAg9j/BqxgOfowDVn35CfvadrRutBzXaiMCCQerKfkdQ==",
      "license": "MIT",
      "dependencies": {
        "@sentry/browser": "8.39.0",
        "@sentry/core": "8.39.0",
        "@sentry/types": "8.39.0",
        "@sentry/utils": "8.39.0"
      },
      "engines": {
        "node": ">=14.18"
      },
      "peerDependencies": {
        "pinia": "2.x",
        "vue": "2.x || 3.x"
      },
      "peerDependenciesMeta": {
        "pinia": {
          "optional": true
        }
      }
    },
    "node_modules/vue": {
      "version": "2.6.14",
      "resolved": "https://registry.npmjs.org/vue/-/vue-2.6.14.tgz",
      "integrity": "sha512-x2284lgYvjOMj3Za7kqzRcUSxBboHqtgRE2zlos1qWaOye5yUmHn42LB1250NJBLRwEcdrB0JRwyPTEPhfQjiQ==",
      "deprecated": "Vue 2 has reached EOL and is no longer actively maintained. See https://v2.vuejs.org/eol/ for more details.",
      "license": "MIT",
      "peer": true
    }
  }
}
